
Microsoft Visual Studio Solution File, Format Version 12.00
# Visual Studio Version 16
VisualStudioVersion = 16.0.30717.126
MinimumVisualStudioVersion = 10.0.40219.1
Project("{FAE04EC0-301F-11D3-BF4B-00C04F79EFBC}") = "Queue", "Queue\Queue.csproj", "{F4B0144F-C07F-4824-9C67-226BEEF5A49D}"
EndProject
Global
	GlobalSection(SolutionConfigurationPlatforms) = preSolution
		Debug|Any CPU = Debug|Any CPU
		Release|Any CPU = Release|Any CPU
	EndGlobalSection
	GlobalSection(ProjectConfigurationPlatforms) = postSolution
		{F4B0144F-C07F-4824-9C67-226BEEF5A49D}.Debug|Any CPU.ActiveCfg = Debug|Any CPU
		{F4B0144F-C07F-4824-9C67-226BEEF5A49D}.Debug|Any CPU.Build.0 = Debug|Any CPU
		{F4B0144F-C07F-4824-9C67-226BEEF5A49D}.Release|Any CPU.ActiveCfg = Release|Any CPU
		{F4B0144F-C07F-4824-9C67-226BEEF5A49D}.Release|Any CPU.Build.0 = Release|Any CPU
	EndGlobalSection
	GlobalSection(SolutionProperties) = preSolution
		HideSolutionNode = FALSE
	EndGlobalSection
	GlobalSection(ExtensibilityGlobals) = postSolution
		SolutionGuid = {C9FA87D6-BC27-4CDF-B89B-D35DADD9E048}
	EndGlobalSection
EndGlobal
