
Microsoft Visual Studio Solution File, Format Version 12.00
# Visual Studio Version 16
VisualStudioVersion = 16.0.30621.155
MinimumVisualStudioVersion = 10.0.40219.1
Project("{FAE04EC0-301F-11D3-BF4B-00C04F79EFBC}") = "ConsoleApp6", "ConsoleApp6\ConsoleApp6.csproj", "{3A5B7FE2-3144-4F3C-A506-6746C7E9AC40}"
EndProject
Global
	GlobalSection(SolutionConfigurationPlatforms) = preSolution
		Debug|Any CPU = Debug|Any CPU
		Release|Any CPU = Release|Any CPU
	EndGlobalSection
	GlobalSection(ProjectConfigurationPlatforms) = postSolution
		{3A5B7FE2-3144-4F3C-A506-6746C7E9AC40}.Debug|Any CPU.ActiveCfg = Debug|Any CPU
		{3A5B7FE2-3144-4F3C-A506-6746C7E9AC40}.Debug|Any CPU.Build.0 = Debug|Any CPU
		{3A5B7FE2-3144-4F3C-A506-6746C7E9AC40}.Release|Any CPU.ActiveCfg = Release|Any CPU
		{3A5B7FE2-3144-4F3C-A506-6746C7E9AC40}.Release|Any CPU.Build.0 = Release|Any CPU
	EndGlobalSection
	GlobalSection(SolutionProperties) = preSolution
		HideSolutionNode = FALSE
	EndGlobalSection
	GlobalSection(ExtensibilityGlobals) = postSolution
		SolutionGuid = {84080A87-99B7-47A8-B814-BB3B33469834}
	EndGlobalSection
EndGlobal
